
Microsoft Visual Studio Solution File, Format Version 12.00
# Visual Studio Version 17
VisualStudioVersion = 17.9.34607.119
MinimumVisualStudioVersion = 10.0.40219.1
Project("{9A19103F-16F7-4668-BE54-9A1E7A4F7556}") = "Toml", "Toml\Toml.csproj", "{C2C51FEA-8AC7-4383-9503-4C8096386396}"
EndProject
Global
	GlobalSection(SolutionConfigurationPlatforms) = preSolution
		Debug|Any CPU = Debug|Any CPU
		Release|Any CPU = Release|Any CPU
	EndGlobalSection
	GlobalSection(ProjectConfigurationPlatforms) = postSolution
		{C2C51FEA-8AC7-4383-9503-4C8096386396}.Debug|Any CPU.ActiveCfg = Debug|Any CPU
		{C2C51FEA-8AC7-4383-9503-4C8096386396}.Debug|Any CPU.Build.0 = Debug|Any CPU
		{C2C51FEA-8AC7-4383-9503-4C8096386396}.Release|Any CPU.ActiveCfg = Release|Any CPU
		{C2C51FEA-8AC7-4383-9503-4C8096386396}.Release|Any CPU.Build.0 = Release|Any CPU
	EndGlobalSection
	GlobalSection(SolutionProperties) = preSolution
		HideSolutionNode = FALSE
	EndGlobalSection
	GlobalSection(ExtensibilityGlobals) = postSolution
		SolutionGuid = {5A9C6862-71E5-431C-BF2E-19AA0A73D238}
	EndGlobalSection
EndGlobal
